// !$*UTF8*$!
{
	archiveVersion = 1;
	classes = {
	};
	objectVersion = 46;
	objects = {

/* Begin PBXBuildFile section */
		6F96BB89E11A4588B0216FA3 /* libPods.a in Frameworks */ = {isa = PBXBuildFile; fileRef = 3A30EE43AD404654859C2887 /* libPods.a */; };
		BB58B3EE19C38EC300178982 /* AppDelegate.swift in Sources */ = {isa = PBXBuildFile; fileRef = BB58B3ED19C38EC300178982 /* AppDelegate.swift */; };
		BB58B3F319C38EC300178982 /* Main.storyboard in Resources */ = {isa = PBXBuildFile; fileRef = BB58B3F119C38EC300178982 /* Main.storyboard */; };
		BB58B3F519C38EC300178982 /* Images.xcassets in Resources */ = {isa = PBXBuildFile; fileRef = BB58B3F419C38EC300178982 /* Images.xcassets */; };
		BB58B3F819C38EC300178982 /* LaunchScreen.xib in Resources */ = {isa = PBXBuildFile; fileRef = BB58B3F619C38EC300178982 /* LaunchScreen.xib */; };
		BB58B40419C38EC300178982 /* rottenTests.swift in Sources */ = {isa = PBXBuildFile; fileRef = BB58B40319C38EC300178982 /* rottenTests.swift */; };
		BB58B41019C3903C00178982 /* MoviesViewController.swift in Sources */ = {isa = PBXBuildFile; fileRef = BB58B40F19C3903C00178982 /* MoviesViewController.swift */; };
		BB58B41219C398CE00178982 /* MovieCell.swift in Sources */ = {isa = PBXBuildFile; fileRef = BB58B41119C398CE00178982 /* MovieCell.swift */; };
		BB58B41719C3B6DC00178982 /* MovieDetailsViewController.swift in Sources */ = {isa = PBXBuildFile; fileRef = BB58B41619C3B6DC00178982 /* MovieDetailsViewController.swift */; };
		BB7A3B7419C62E6C00B90C4B /* RottenTabBarController.swift in Sources */ = {isa = PBXBuildFile; fileRef = BB7A3B7319C62E6C00B90C4B /* RottenTabBarController.swift */; };
		BB7A3B7A19C6313900B90C4B /* boxoffice.png in Resources */ = {isa = PBXBuildFile; fileRef = BB7A3B7919C6313900B90C4B /* boxoffice.png */; };
		BB7A3B7C19C6313F00B90C4B /* movies.png in Resources */ = {isa = PBXBuildFile; fileRef = BB7A3B7B19C6313F00B90C4B /* movies.png */; };
		BB7A3B7E19C6314600B90C4B /* dvd.png in Resources */ = {isa = PBXBuildFile; fileRef = BB7A3B7D19C6314600B90C4B /* dvd.png */; };
		BB8868AF19C419E800A8A068 /* error.png in Resources */ = {isa = PBXBuildFile; fileRef = BB8868AE19C419E800A8A068 /* error.png */; };
/* End PBXBuildFile section */

/* Begin PBXContainerItemProxy section */
		BB58B3FE19C38EC300178982 /* PBXContainerItemProxy */ = {
			isa = PBXContainerItemProxy;
			containerPortal = BB58B3E019C38EC300178982 /* Project object */;
			proxyType = 1;
			remoteGlobalIDString = BB58B3E719C38EC300178982;
			remoteInfo = rotten;
		};
/* End PBXContainerItemProxy section */

/* Begin PBXFileReference section */
		3A30EE43AD404654859C2887 /* libPods.a */ = {isa = PBXFileReference; explicitFileType = archive.ar; includeInIndex = 0; path = libPods.a; sourceTree = BUILT_PRODUCTS_DIR; };
		8152DA89A01A495ABB0046BB /* Pods.xcconfig */ = {isa = PBXFileReference; includeInIndex = 1; lastKnownFileType = text.xcconfig; name = Pods.xcconfig; path = Pods/Pods.xcconfig; sourceTree = "<group>"; };
		BB58B3E819C38EC300178982 /* rotten.app */ = {isa = PBXFileReference; explicitFileType = wrapper.application; includeInIndex = 0; path = rotten.app; sourceTree = BUILT_PRODUCTS_DIR; };
		BB58B3EC19C38EC300178982 /* Info.plist */ = {isa = PBXFileReference; lastKnownFileType = text.plist.xml; path = Info.plist; sourceTree = "<group>"; };
		BB58B3ED19C38EC300178982 /* AppDelegate.swift */ = {isa = PBXFileReference; lastKnownFileType = sourcecode.swift; path = AppDelegate.swift; sourceTree = "<group>"; };
		BB58B3F219C38EC300178982 /* Base */ = {isa = PBXFileReference; lastKnownFileType = file.storyboard; name = Base; path = Base.lproj/Main.storyboard; sourceTree = "<group>"; };
		BB58B3F419C38EC300178982 /* Images.xcassets */ = {isa = PBXFileReference; lastKnownFileType = folder.assetcatalog; path = Images.xcassets; sourceTree = "<group>"; };
		BB58B3F719C38EC300178982 /* Base */ = {isa = PBXFileReference; lastKnownFileType = file.xib; name = Base; path = Base.lproj/LaunchScreen.xib; sourceTree = "<group>"; };
		BB58B3FD19C38EC300178982 /* rottenTests.xctest */ = {isa = PBXFileReference; explicitFileType = wrapper.cfbundle; includeInIndex = 0; path = rottenTests.xctest; sourceTree = BUILT_PRODUCTS_DIR; };
		BB58B40219C38EC300178982 /* Info.plist */ = {isa = PBXFileReference; lastKnownFileType = text.plist.xml; path = Info.plist; sourceTree = "<group>"; };
		BB58B40319C38EC300178982 /* rottenTests.swift */ = {isa = PBXFileReference; lastKnownFileType = sourcecode.swift; path = rottenTests.swift; sourceTree = "<group>"; };
		BB58B40F19C3903C00178982 /* MoviesViewController.swift */ = {isa = PBXFileReference; fileEncoding = 4; lastKnownFileType = sourcecode.swift; path = MoviesViewController.swift; sourceTree = "<group>"; };
		BB58B41119C398CE00178982 /* MovieCell.swift */ = {isa = PBXFileReference; fileEncoding = 4; lastKnownFileType = sourcecode.swift; path = MovieCell.swift; sourceTree = "<group>"; };
		BB58B41319C3B11000178982 /* rotten-Bridging-Header.h */ = {isa = PBXFileReference; lastKnownFileType = sourcecode.c.h; path = "rotten-Bridging-Header.h"; sourceTree = "<group>"; };
		BB58B41619C3B6DC00178982 /* MovieDetailsViewController.swift */ = {isa = PBXFileReference; fileEncoding = 4; lastKnownFileType = sourcecode.swift; path = MovieDetailsViewController.swift; sourceTree = "<group>"; };
		BB7A3B7319C62E6C00B90C4B /* RottenTabBarController.swift */ = {isa = PBXFileReference; fileEncoding = 4; lastKnownFileType = sourcecode.swift; path = RottenTabBarController.swift; sourceTree = "<group>"; };
		BB7A3B7919C6313900B90C4B /* boxoffice.png */ = {isa = PBXFileReference; lastKnownFileType = image.png; path = boxoffice.png; sourceTree = "<group>"; };
		BB7A3B7B19C6313F00B90C4B /* movies.png */ = {isa = PBXFileReference; lastKnownFileType = image.png; path = movies.png; sourceTree = "<group>"; };
		BB7A3B7D19C6314600B90C4B /* dvd.png */ = {isa = PBXFileReference; lastKnownFileType = image.png; path = dvd.png; sourceTree = "<group>"; };
		BB8868AE19C419E800A8A068 /* error.png */ = {isa = PBXFileReference; lastKnownFileType = image.png; path = error.png; sourceTree = "<group>"; };
/* End PBXFileReference section */

/* Begin PBXFrameworksBuildPhase section */
		BB58B3E519C38EC300178982 /* Frameworks */ = {
			isa = PBXFrameworksBuildPhase;
			buildActionMask = 2147483647;
			files = (
				6F96BB89E11A4588B0216FA3 /* libPods.a in Frameworks */,
			);
			runOnlyForDeploymentPostprocessing = 0;
		};
		BB58B3FA19C38EC300178982 /* Frameworks */ = {
			isa = PBXFrameworksBuildPhase;
			buildActionMask = 2147483647;
			files = (
			);
			runOnlyForDeploymentPostprocessing = 0;
		};
/* End PBXFrameworksBuildPhase section */

/* Begin PBXGroup section */
		BB58B3DF19C38EC300178982 = {
			isa = PBXGroup;
			children = (
				BB8868AC19C4198500A8A068 /* Resources */,
				BB58B3EA19C38EC300178982 /* rotten */,
				BB58B40019C38EC300178982 /* rottenTests */,
				BB58B3E919C38EC300178982 /* Products */,
				8152DA89A01A495ABB0046BB /* Pods.xcconfig */,
				D10555EE65DD499290D945A1 /* Frameworks */,
			);
			sourceTree = "<group>";
		};
		BB58B3E919C38EC300178982 /* Products */ = {
			isa = PBXGroup;
			children = (
				BB58B3E819C38EC300178982 /* rotten.app */,
				BB58B3FD19C38EC300178982 /* rottenTests.xctest */,
			);
			name = Products;
			sourceTree = "<group>";
		};
		BB58B3EA19C38EC300178982 /* rotten */ = {
			isa = PBXGroup;
			children = (
				BB58B3ED19C38EC300178982 /* AppDelegate.swift */,
				BB58B40F19C3903C00178982 /* MoviesViewController.swift */,
				BB58B41119C398CE00178982 /* MovieCell.swift */,
				BB58B3F119C38EC300178982 /* Main.storyboard */,
				BB58B41619C3B6DC00178982 /* MovieDetailsViewController.swift */,
				BB7A3B7319C62E6C00B90C4B /* RottenTabBarController.swift */,
				BB58B3F419C38EC300178982 /* Images.xcassets */,
				BB58B3F619C38EC300178982 /* LaunchScreen.xib */,
				BB58B3EB19C38EC300178982 /* Supporting Files */,
				BB58B41319C3B11000178982 /* rotten-Bridging-Header.h */,
			);
			path = rotten;
			sourceTree = "<group>";
		};
		BB58B3EB19C38EC300178982 /* Supporting Files */ = {
			isa = PBXGroup;
			children = (
				BB58B3EC19C38EC300178982 /* Info.plist */,
			);
			name = "Supporting Files";
			sourceTree = "<group>";
		};
		BB58B40019C38EC300178982 /* rottenTests */ = {
			isa = PBXGroup;
			children = (
				BB58B40319C38EC300178982 /* rottenTests.swift */,
				BB58B40119C38EC300178982 /* Supporting Files */,
			);
			path = rottenTests;
			sourceTree = "<group>";
		};
		BB58B40119C38EC300178982 /* Supporting Files */ = {
			isa = PBXGroup;
			children = (
				BB58B40219C38EC300178982 /* Info.plist */,
			);
			name = "Supporting Files";
			sourceTree = "<group>";
		};
		BB8868AC19C4198500A8A068 /* Resources */ = {
			isa = PBXGroup;
			children = (
				BB8868AD19C4198C00A8A068 /* Images */,
			);
			name = Resources;
			sourceTree = "<group>";
		};
		BB8868AD19C4198C00A8A068 /* Images */ = {
			isa = PBXGroup;
			children = (
				BB7A3B7B19C6313F00B90C4B /* movies.png */,
				BB7A3B7D19C6314600B90C4B /* dvd.png */,
				BB8868AE19C419E800A8A068 /* error.png */,
				BB7A3B7919C6313900B90C4B /* boxoffice.png */,
			);
			name = Images;
			sourceTree = "<group>";
		};
		D10555EE65DD499290D945A1 /* Frameworks */ = {
			isa = PBXGroup;
			children = (
				3A30EE43AD404654859C2887 /* libPods.a */,
			);
			name = Frameworks;
			sourceTree = "<group>";
		};
/* End PBXGroup section */

/* Begin PBXNativeTarget section */
		BB58B3E719C38EC300178982 /* rotten */ = {
			isa = PBXNativeTarget;
			buildConfigurationList = BB58B40719C38EC300178982 /* Build configuration list for PBXNativeTarget "rotten" */;
			buildPhases = (
				64A90006B07A4F3B9FB8C1C2 /* Check Pods Manifest.lock */,
				BB58B3E419C38EC300178982 /* Sources */,
				BB58B3E519C38EC300178982 /* Frameworks */,
				BB58B3E619C38EC300178982 /* Resources */,
				7B1D3D96EC764219A15AD82C /* Copy Pods Resources */,
			);
			buildRules = (
			);
			dependencies = (
			);
			name = rotten;
			productName = rotten;
			productReference = BB58B3E819C38EC300178982 /* rotten.app */;
			productType = "com.apple.product-type.application";
		};
		BB58B3FC19C38EC300178982 /* rottenTests */ = {
			isa = PBXNativeTarget;
			buildConfigurationList = BB58B40A19C38EC300178982 /* Build configuration list for PBXNativeTarget "rottenTests" */;
			buildPhases = (
				BB58B3F919C38EC300178982 /* Sources */,
				BB58B3FA19C38EC300178982 /* Frameworks */,
				BB58B3FB19C38EC300178982 /* Resources */,
			);
			buildRules = (
			);
			dependencies = (
				BB58B3FF19C38EC300178982 /* PBXTargetDependency */,
			);
			name = rottenTests;
			productName = rottenTests;
			productReference = BB58B3FD19C38EC300178982 /* rottenTests.xctest */;
			productType = "com.apple.product-type.bundle.unit-test";
		};
/* End PBXNativeTarget section */

/* Begin PBXProject section */
		BB58B3E019C38EC300178982 /* Project object */ = {
			isa = PBXProject;
			attributes = {
				LastUpgradeCheck = 0600;
				ORGANIZATIONNAME = "Franklin Ho";
				TargetAttributes = {
					BB58B3E719C38EC300178982 = {
						CreatedOnToolsVersion = 6.0;
					};
					BB58B3FC19C38EC300178982 = {
						CreatedOnToolsVersion = 6.0;
						TestTargetID = BB58B3E719C38EC300178982;
					};
				};
			};
			buildConfigurationList = BB58B3E319C38EC300178982 /* Build configuration list for PBXProject "rotten" */;
			compatibilityVersion = "Xcode 3.2";
			developmentRegion = English;
			hasScannedForEncodings = 0;
			knownRegions = (
				en,
				Base,
			);
			mainGroup = BB58B3DF19C38EC300178982;
			productRefGroup = BB58B3E919C38EC300178982 /* Products */;
			projectDirPath = "";
			projectRoot = "";
			targets = (
				BB58B3E719C38EC300178982 /* rotten */,
				BB58B3FC19C38EC300178982 /* rottenTests */,
			);
		};
/* End PBXProject section */

/* Begin PBXResourcesBuildPhase section */
		BB58B3E619C38EC300178982 /* Resources */ = {
			isa = PBXResourcesBuildPhase;
			buildActionMask = 2147483647;
			files = (
				BB7A3B7E19C6314600B90C4B /* dvd.png in Resources */,
				BB8868AF19C419E800A8A068 /* error.png in Resources */,
				BB58B3F319C38EC300178982 /* Main.storyboard in Resources */,
				BB58B3F819C38EC300178982 /* LaunchScreen.xib in Resources */,
				BB58B3F519C38EC300178982 /* Images.xcassets in Resources */,
				BB7A3B7C19C6313F00B90C4B /* movies.png in Resources */,
				BB7A3B7A19C6313900B90C4B /* boxoffice.png in Resources */,
			);
			runOnlyForDeploymentPostprocessing = 0;
		};
		BB58B3FB19C38EC300178982 /* Resources */ = {
			isa = PBXResourcesBuildPhase;
			buildActionMask = 2147483647;
			files = (
			);
			runOnlyForDeploymentPostprocessing = 0;
		};
/* End PBXResourcesBuildPhase section */

/* Begin PBXShellScriptBuildPhase section */
		64A90006B07A4F3B9FB8C1C2 /* Check Pods Manifest.lock */ = {
			isa = PBXShellScriptBuildPhase;
			buildActionMask = 2147483647;
			files = (
			);
			inputPaths = (
			);
			name = "Check Pods Manifest.lock";
			outputPaths = (
			);
			runOnlyForDeploymentPostprocessing = 0;
			shellPath = /bin/sh;
			shellScript = "diff \"${PODS_ROOT}/../Podfile.lock\" \"${PODS_ROOT}/Manifest.lock\" > /dev/null\nif [[ $? != 0 ]] ; then\n    cat << EOM\nerror: The sandbox is not in sync with the Podfile.lock. Run 'pod install' or update your CocoaPods installation.\nEOM\n    exit 1\nfi\n";
			showEnvVarsInLog = 0;
		};
		7B1D3D96EC764219A15AD82C /* Copy Pods Resources */ = {
			isa = PBXShellScriptBuildPhase;
			buildActionMask = 2147483647;
			files = (
			);
			inputPaths = (
			);
			name = "Copy Pods Resources";
			outputPaths = (
			);
			runOnlyForDeploymentPostprocessing = 0;
			shellPath = /bin/sh;
			shellScript = "\"${SRCROOT}/Pods/Pods-resources.sh\"\n";
			showEnvVarsInLog = 0;
		};
/* End PBXShellScriptBuildPhase section */

/* Begin PBXSourcesBuildPhase section */
		BB58B3E419C38EC300178982 /* Sources */ = {
			isa = PBXSourcesBuildPhase;
			buildActionMask = 2147483647;
			files = (
				BB58B41719C3B6DC00178982 /* MovieDetailsViewController.swift in Sources */,
				BB58B3EE19C38EC300178982 /* AppDelegate.swift in Sources */,
				BB58B41019C3903C00178982 /* MoviesViewController.swift in Sources */,
				BB58B41219C398CE00178982 /* MovieCell.swift in Sources */,
				BB7A3B7419C62E6C00B90C4B /* RottenTabBarController.swift in Sources */,
			);
			runOnlyForDeploymentPostprocessing = 0;
		};
		BB58B3F919C38EC300178982 /* Sources */ = {
			isa = PBXSourcesBuildPhase;
			buildActionMask = 2147483647;
			files = (
				BB58B40419C38EC300178982 /* rottenTests.swift in Sources */,
			);
			runOnlyForDeploymentPostprocessing = 0;
		};
/* End PBXSourcesBuildPhase section */

/* Begin PBXTargetDependency section */
		BB58B3FF19C38EC300178982 /* PBXTargetDependency */ = {
			isa = PBXTargetDependency;
			target = BB58B3E719C38EC300178982 /* rotten */;
			targetProxy = BB58B3FE19C38EC300178982 /* PBXContainerItemProxy */;
		};
/* End PBXTargetDependency section */

/* Begin PBXVariantGroup section */
		BB58B3F119C38EC300178982 /* Main.storyboard */ = {
			isa = PBXVariantGroup;
			children = (
				BB58B3F219C38EC300178982 /* Base */,
			);
			name = Main.storyboard;
			sourceTree = "<group>";
		};
		BB58B3F619C38EC300178982 /* LaunchScreen.xib */ = {
			isa = PBXVariantGroup;
			children = (
				BB58B3F719C38EC300178982 /* Base */,
			);
			name = LaunchScreen.xib;
			sourceTree = "<group>";
		};
/* End PBXVariantGroup section */

/* Begin XCBuildConfiguration section */
		BB58B40519C38EC300178982 /* Debug */ = {
			isa = XCBuildConfiguration;
			buildSettings = {
				ALWAYS_SEARCH_USER_PATHS = NO;
				CLANG_CXX_LANGUAGE_STANDARD = "gnu++0x";
				CLANG_CXX_LIBRARY = "libc++";
				CLANG_ENABLE_MODULES = YES;
				CLANG_ENABLE_OBJC_ARC = YES;
				CLANG_WARN_BOOL_CONVERSION = YES;
				CLANG_WARN_CONSTANT_CONVERSION = YES;
				CLANG_WARN_DIRECT_OBJC_ISA_USAGE = YES_ERROR;
				CLANG_WARN_EMPTY_BODY = YES;
				CLANG_WARN_ENUM_CONVERSION = YES;
				CLANG_WARN_INT_CONVERSION = YES;
				CLANG_WARN_OBJC_ROOT_CLASS = YES_ERROR;
				CLANG_WARN_UNREACHABLE_CODE = YES;
				CLANG_WARN__DUPLICATE_METHOD_MATCH = YES;
				"CODE_SIGN_IDENTITY[sdk=iphoneos*]" = "iPhone Developer";
				COPY_PHASE_STRIP = NO;
				ENABLE_STRICT_OBJC_MSGSEND = YES;
				GCC_C_LANGUAGE_STANDARD = gnu99;
				GCC_DYNAMIC_NO_PIC = NO;
				GCC_OPTIMIZATION_LEVEL = 0;
				GCC_PREPROCESSOR_DEFINITIONS = (
					"DEBUG=1",
					"$(inherited)",
				);
				GCC_SYMBOLS_PRIVATE_EXTERN = NO;
				GCC_WARN_64_TO_32_BIT_CONVERSION = YES;
				GCC_WARN_ABOUT_RETURN_TYPE = YES_ERROR;
				GCC_WARN_UNDECLARED_SELECTOR = YES;
				GCC_WARN_UNINITIALIZED_AUTOS = YES_AGGRESSIVE;
				GCC_WARN_UNUSED_FUNCTION = YES;
				GCC_WARN_UNUSED_VARIABLE = YES;
				IPHONEOS_DEPLOYMENT_TARGET = 8.0;
				MTL_ENABLE_DEBUG_INFO = YES;
				ONLY_ACTIVE_ARCH = YES;
				SDKROOT = iphoneos;
				SWIFT_OPTIMIZATION_LEVEL = "-Onone";
				TARGETED_DEVICE_FAMILY = "1,2";
			};
			name = Debug;
		};
		BB58B40619C38EC300178982 /* Release */ = {
			isa = XCBuildConfiguration;
			buildSettings = {
				ALWAYS_SEARCH_USER_PATHS = NO;
				CLANG_CXX_LANGUAGE_STANDARD = "gnu++0x";
				CLANG_CXX_LIBRARY = "libc++";
				CLANG_ENABLE_MODULES = YES;
				CLANG_ENABLE_OBJC_ARC = YES;
				CLANG_WARN_BOOL_CONVERSION = YES;
				CLANG_WARN_CONSTANT_CONVERSION = YES;
				CLANG_WARN_DIRECT_OBJC_ISA_USAGE = YES_ERROR;
				CLANG_WARN_EMPTY_BODY = YES;
				CLANG_WARN_ENUM_CONVERSION = YES;
				CLANG_WARN_INT_CONVERSION = YES;
				CLANG_WARN_OBJC_ROOT_CLASS = YES_ERROR;
				CLANG_WARN_UNREACHABLE_CODE = YES;
				CLANG_WARN__DUPLICATE_METHOD_MATCH = YES;
				"CODE_SIGN_IDENTITY[sdk=iphoneos*]" = "iPhone Developer";
				COPY_PHASE_STRIP = YES;
				ENABLE_NS_ASSERTIONS = NO;
				ENABLE_STRICT_OBJC_MSGSEND = YES;
				GCC_C_LANGUAGE_STANDARD = gnu99;
				GCC_WARN_64_TO_32_BIT_CONVERSION = YES;
				GCC_WARN_ABOUT_RETURN_TYPE = YES_ERROR;
				GCC_WARN_UNDECLARED_SELECTOR = YES;
				GCC_WARN_UNINITIALIZED_AUTOS = YES_AGGRESSIVE;
				GCC_WARN_UNUSED_FUNCTION = YES;
				GCC_WARN_UNUSED_VARIABLE = YES;
				IPHONEOS_DEPLOYMENT_TARGET = 8.0;
				MTL_ENABLE_DEBUG_INFO = NO;
				SDKROOT = iphoneos;
				TARGETED_DEVICE_FAMILY = "1,2";
				VALIDATE_PRODUCT = YES;
			};
			name = Release;
		};
		BB58B40819C38EC300178982 /* Debug */ = {
			isa = XCBuildConfiguration;
			baseConfigurationReference = 8152DA89A01A495ABB0046BB /* Pods.xcconfig */;
			buildSettings = {
				ASSETCATALOG_COMPILER_APPICON_NAME = AppIcon;
				CLANG_ENABLE_MODULES = YES;
				INFOPLIST_FILE = rotten/Info.plist;
				IPHONEOS_DEPLOYMENT_TARGET = 7.0;
				LD_RUNPATH_SEARCH_PATHS = "$(inherited) @executable_path/Frameworks";
				PRODUCT_NAME = "$(TARGET_NAME)";
				SWIFT_OBJC_BRIDGING_HEADER = "rotten/rotten-Bridging-Header.h";
				SWIFT_OPTIMIZATION_LEVEL = "-Onone";
			};
			name = Debug;
		};
		BB58B40919C38EC300178982 /* Release */ = {
			isa = XCBuildConfiguration;
			baseConfigurationReference = 8152DA89A01A495ABB0046BB /* Pods.xcconfig */;
			buildSettings = {
				ASSETCATALOG_COMPILER_APPICON_NAME = AppIcon;
				CLANG_ENABLE_MODULES = YES;
				INFOPLIST_FILE = rotten/Info.plist;
				IPHONEOS_DEPLOYMENT_TARGET = 7.0;
				LD_RUNPATH_SEARCH_PATHS = "$(inherited) @executable_path/Frameworks";
				PRODUCT_NAME = "$(TARGET_NAME)";
				SWIFT_OBJC_BRIDGING_HEADER = "rotten/rotten-Bridging-Header.h";
			};
			name = Release;
		};
		BB58B40B19C38EC300178982 /* Debug */ = {
			isa = XCBuildConfiguration;
			buildSettings = {
				BUNDLE_LOADER = "$(TEST_HOST)";
				FRAMEWORK_SEARCH_PATHS = (
					"$(SDKROOT)/Developer/Library/Frameworks",
					"$(inherited)",
				);
				GCC_PREPROCESSOR_DEFINITIONS = (
					"DEBUG=1",
					"$(inherited)",
				);
				INFOPLIST_FILE = rottenTests/Info.plist;
				LD_RUNPATH_SEARCH_PATHS = "$(inherited) @executable_path/Frameworks @loader_path/Frameworks";
				PRODUCT_NAME = "$(TARGET_NAME)";
				TEST_HOST = "$(BUILT_PRODUCTS_DIR)/rotten.app/rotten";
			};
			name = Debug;
		};
		BB58B40C19C38EC300178982 /* Release */ = {
			isa = XCBuildConfiguration;
			buildSettings = {
				BUNDLE_LOADER = "$(TEST_HOST)";
				FRAMEWORK_SEARCH_PATHS = (
					"$(SDKROOT)/Developer/Library/Frameworks",
					"$(inherited)",
				);
				INFOPLIST_FILE = rottenTests/Info.plist;
				LD_RUNPATH_SEARCH_PATHS = "$(inherited) @executable_path/Frameworks @loader_path/Frameworks";
				PRODUCT_NAME = "$(TARGET_NAME)";
				TEST_HOST = "$(BUILT_PRODUCTS_DIR)/rotten.app/rotten";
			};
			name = Release;
		};
/* End XCBuildConfiguration section */

/* Begin XCConfigurationList section */
		BB58B3E319C38EC300178982 /* Build configuration list for PBXProject "rotten" */ = {
			isa = XCConfigurationList;
			buildConfigurations = (
				BB58B40519C38EC300178982 /* Debug */,
				BB58B40619C38EC300178982 /* Release */,
			);
			defaultConfigurationIsVisible = 0;
			defaultConfigurationName = Release;
		};
		BB58B40719C38EC300178982 /* Build configuration list for PBXNativeTarget "rotten" */ = {
			isa = XCConfigurationList;
			buildConfigurations = (
				BB58B40819C38EC300178982 /* Debug */,
				BB58B40919C38EC300178982 /* Release */,
			);
			defaultConfigurationIsVisible = 0;
			defaultConfigurationName = Release;
		};
		BB58B40A19C38EC300178982 /* Build configuration list for PBXNativeTarget "rottenTests" */ = {
			isa = XCConfigurationList;
			buildConfigurations = (
				BB58B40B19C38EC300178982 /* Debug */,
				BB58B40C19C38EC300178982 /* Release */,
			);
			defaultConfigurationIsVisible = 0;
			defaultConfigurationName = Release;
		};
/* End XCConfigurationList section */
	};
	rootObject = BB58B3E019C38EC300178982 /* Project object */;
}
